Microsoft Visual Studio Solution File, Format Version 12.00
# Visual Studio 2012
Project("{FAE04EC0-301F-11D3-BF4B-00C04F79EFBC}") = "talkinggame", "talkinggame.csproj", "{A0FFB532-09B0-41D5-B285-7C719060288A}"
EndProject
Global
	GlobalSection(SolutionConfigurationPlatforms) = preSolution
	Debug|Any CPU = Debug|Any CPU
	ExportDebug|Any CPU = ExportDebug|Any CPU
	ExportRelease|Any CPU = ExportRelease|Any CPU
	EndGlobalSection
	GlobalSection(ProjectConfigurationPlatforms) = postSolution
		{A0FFB532-09B0-41D5-B285-7C719060288A}.Debug|Any CPU.ActiveCfg = Debug|Any CPU
		{A0FFB532-09B0-41D5-B285-7C719060288A}.Debug|Any CPU.Build.0 = Debug|Any CPU
		{A0FFB532-09B0-41D5-B285-7C719060288A}.ExportDebug|Any CPU.ActiveCfg = ExportDebug|Any CPU
		{A0FFB532-09B0-41D5-B285-7C719060288A}.ExportDebug|Any CPU.Build.0 = ExportDebug|Any CPU
		{A0FFB532-09B0-41D5-B285-7C719060288A}.ExportRelease|Any CPU.ActiveCfg = ExportRelease|Any CPU
		{A0FFB532-09B0-41D5-B285-7C719060288A}.ExportRelease|Any CPU.Build.0 = ExportRelease|Any CPU
	EndGlobalSection
EndGlobal
